
Microsoft Visual Studio Solution File, Format Version 12.00
# Visual Studio Version 17
VisualStudioVersion = 17.14.36705.20
MinimumVisualStudioVersion = 10.0.40219.1
Project("{FAE04EC0-301F-11D3-BF4B-00C04F79EFBC}") = "Lab_DKV", "Lab_DKV\Lab_DKV.csproj", "{CC945DDE-CE38-4D54-92CF-E165FA8B4118}"
EndProject
Project("{2150E333-8FDC-42A3-9474-1A3956D46DE8}") = "DataBase", "DataBase", "{02EA681E-C7D8-13C7-8484-4AC65E1B71E8}"
	ProjectSection(SolutionItems) = preProject
		BarangRepository.cs = BarangRepository.cs
		PeminjamanRepository.cs = PeminjamanRepository.cs
		PeminjamRepository.cs = PeminjamRepository.cs
	EndProjectSection
EndProject
Global
	GlobalSection(SolutionConfigurationPlatforms) = preSolution
		Debug|Any CPU = Debug|Any CPU
		Release|Any CPU = Release|Any CPU
	EndGlobalSection
	GlobalSection(ProjectConfigurationPlatforms) = postSolution
		{CC945DDE-CE38-4D54-92CF-E165FA8B4118}.Debug|Any CPU.ActiveCfg = Debug|Any CPU
		{CC945DDE-CE38-4D54-92CF-E165FA8B4118}.Debug|Any CPU.Build.0 = Debug|Any CPU
		{CC945DDE-CE38-4D54-92CF-E165FA8B4118}.Release|Any CPU.ActiveCfg = Release|Any CPU
		{CC945DDE-CE38-4D54-92CF-E165FA8B4118}.Release|Any CPU.Build.0 = Release|Any CPU
	EndGlobalSection
	GlobalSection(SolutionProperties) = preSolution
		HideSolutionNode = FALSE
	EndGlobalSection
	GlobalSection(ExtensibilityGlobals) = postSolution
		SolutionGuid = {D7840DFC-1B6D-463E-9218-EFA3D5384C72}
	EndGlobalSection
EndGlobal
